{
    "_readme": [
        "This file locks the dependencies of your project to a known state",
        "Read more about it at http://getcomposer.org/doc/01-basic-usage.md#composer-lock-the-lock-file",
        "This file is @generated automatically"
    ],
    "hash": "5b9b5514301f761e1e6445c22a1eb96d",
    "packages": [
        {
            "name": "fieryprophet/php-sandbox",
            "version": "dev-master",
            "source": {
                "type": "git",
                "url": "https://github.com/fieryprophet/php-sandbox.git",
                "reference": "db9ca30c51d3d6a5644fc0288d6408562c5011a4"
            },
            "dist": {
                "type": "zip",
                "url": "https://api.github.com/repos/fieryprophet/php-sandbox/zipball/db9ca30c51d3d6a5644fc0288d6408562c5011a4",
                "reference": "db9ca30c51d3d6a5644fc0288d6408562c5011a4",
                "shasum": ""
            },
            "require": {
                "jeremeamia/functionparser": "dev-master",
                "nikic/php-parser": "0.9.*@dev",
                "php": ">=5.3.2"
            },
            "require-dev": {
                "phpdocumentor/phpdocumentor": "v2.3.0",
                "phpunit/phpunit": "3.7.*"
            },
            "type": "library",
            "autoload": {
                "files": [
                    "src/functions.php"
                ],
                "psr-4": {
                    "PHPSandbox\\": "src/"
                }
            },
            "notification-url": "http://packagist.org/downloads/",
            "license": [
                "BSD-3-Clause"
            ],
            "authors": [
                {
                    "name": "Elijah Horton"
                }
            ],
            "description": "A PHP library that can be used to run PHP code in a sandboxed environment",
            "homepage": "http://www.fieryprophet.com/phpsandbox",
            "keywords": [
                "blacklist",
                "parser",
                "php",
                "sandbox",
                "whitelist"
            ],
            "time": "2014-10-27 14:56:02"
        },
        {
            "name": "jeremeamia/FunctionParser",
            "version": "dev-master",
            "source": {
                "type": "git",
                "url": "https://github.com/jeremeamia/FunctionParser.git",
                "reference": "9e1ea101f2680dcce65c338bba76dac380d921c6"
            },
            "dist": {
                "type": "zip",
                "url": "https://api.github.com/repos/jeremeamia/FunctionParser/zipball/9e1ea101f2680dcce65c338bba76dac380d921c6",
                "reference": "9e1ea101f2680dcce65c338bba76dac380d921c6",
                "shasum": ""
            },
            "require": {
                "php": ">=5.3.2"
            },
            "type": "library",
            "autoload": {
                "psr-0": {
                    "FunctionParser": "src/"
                }
            },
            "notification-url": "http://packagist.org/downloads/",
            "license": [
                "MIT"
            ],
            "authors": [
                {
                    "name": "Jeremy Lindblom"
                }
            ],
            "description": "Function parser for PHP functions, methods, and closures",
            "homepage": "https://github.com/jeremeamia/FunctionParser",
            "keywords": [
                "closure",
                "function",
                "parser",
                "tokenizer"
            ],
            "time": "2014-01-14 23:32:26"
        },
        {
            "name": "nikic/php-parser",
            "version": "dev-master",
            "source": {
                "type": "git",
                "url": "https://github.com/nikic/PHP-Parser.git",
                "reference": "700847e2951942200b479c413aa2984b5364799b"
            },
            "dist": {
                "type": "zip",
                "url": "https://api.github.com/repos/nikic/PHP-Parser/zipball/700847e2951942200b479c413aa2984b5364799b",
                "reference": "700847e2951942200b479c413aa2984b5364799b",
                "shasum": ""
            },
            "require": {
                "ext-tokenizer": "*",
                "php": ">=5.2"
            },
            "type": "library",
            "extra": {
                "branch-alias": {
                    "dev-master": "0.9-dev"
                }
            },
            "autoload": {
                "psr-0": {
                    "PHPParser": "lib/"
                }
            },
            "notification-url": "http://packagist.org/downloads/",
            "license": [
                "BSD-3-Clause"
            ],
            "authors": [
                {
                    "name": "Nikita Popov"
                }
            ],
            "description": "A PHP parser written in PHP",
            "keywords": [
                "parser",
                "php"
            ],
            "time": "2013-09-28 11:21:30"
        }
    ],
    "packages-dev": [],
    "aliases": [],
    "minimum-stability": "dev",
    "stability-flags": {
        "fieryprophet/php-sandbox": 20
    },
    "prefer-stable": false,
    "platform": [],
    "platform-dev": []
}
